
Microsoft Visual Studio Solution File, Format Version 12.00
# Visual Studio Version 17
VisualStudioVersion = 17.4.33122.133
MinimumVisualStudioVersion = 10.0.40219.1
Project("{8BC9CEB8-8B4A-11D0-8D11-00A0C91BC942}") = "4-3函数认识的提升", "4-3函数认识的提升\4-3函数认识的提升.vcxproj", "{E3C5ECCD-D412-48B0-B640-42F10E4FB408}"
EndProject
Global
	GlobalSection(SolutionConfigurationPlatforms) = preSolution
		Debug|x64 = Debug|x64
		Debug|x86 = Debug|x86
		Release|x64 = Release|x64
		Release|x86 = Release|x86
	EndGlobalSection
	GlobalSection(ProjectConfigurationPlatforms) = postSolution
		{E3C5ECCD-D412-48B0-B640-42F10E4FB408}.Debug|x64.ActiveCfg = Debug|x64
		{E3C5ECCD-D412-48B0-B640-42F10E4FB408}.Debug|x64.Build.0 = Debug|x64
		{E3C5ECCD-D412-48B0-B640-42F10E4FB408}.Debug|x86.ActiveCfg = Debug|Win32
		{E3C5ECCD-D412-48B0-B640-42F10E4FB408}.Debug|x86.Build.0 = Debug|Win32
		{E3C5ECCD-D412-48B0-B640-42F10E4FB408}.Release|x64.ActiveCfg = Release|x64
		{E3C5ECCD-D412-48B0-B640-42F10E4FB408}.Release|x64.Build.0 = Release|x64
		{E3C5ECCD-D412-48B0-B640-42F10E4FB408}.Release|x86.ActiveCfg = Release|Win32
		{E3C5ECCD-D412-48B0-B640-42F10E4FB408}.Release|x86.Build.0 = Release|Win32
	EndGlobalSection
	GlobalSection(SolutionProperties) = preSolution
		HideSolutionNode = FALSE
	EndGlobalSection
	GlobalSection(ExtensibilityGlobals) = postSolution
		SolutionGuid = {26FAC46F-AAEE-42F2-862A-1FA42CBDCE91}
	EndGlobalSection
EndGlobal
