
Microsoft Visual Studio Solution File, Format Version 12.00
# Visual Studio Version 17
VisualStudioVersion = 17.4.33122.133
MinimumVisualStudioVersion = 10.0.40219.1
Project("{8BC9CEB8-8B4A-11D0-8D11-00A0C91BC942}") = "2-2数组", "2-2数组\2-2数组.vcxproj", "{1F64A8F2-70DD-4A0F-875F-F0F393F8C4EE}"
EndProject
Global
	GlobalSection(SolutionConfigurationPlatforms) = preSolution
		Debug|x64 = Debug|x64
		Debug|x86 = Debug|x86
		Release|x64 = Release|x64
		Release|x86 = Release|x86
	EndGlobalSection
	GlobalSection(ProjectConfigurationPlatforms) = postSolution
		{1F64A8F2-70DD-4A0F-875F-F0F393F8C4EE}.Debug|x64.ActiveCfg = Debug|x64
		{1F64A8F2-70DD-4A0F-875F-F0F393F8C4EE}.Debug|x64.Build.0 = Debug|x64
		{1F64A8F2-70DD-4A0F-875F-F0F393F8C4EE}.Debug|x86.ActiveCfg = Debug|Win32
		{1F64A8F2-70DD-4A0F-875F-F0F393F8C4EE}.Debug|x86.Build.0 = Debug|Win32
		{1F64A8F2-70DD-4A0F-875F-F0F393F8C4EE}.Release|x64.ActiveCfg = Release|x64
		{1F64A8F2-70DD-4A0F-875F-F0F393F8C4EE}.Release|x64.Build.0 = Release|x64
		{1F64A8F2-70DD-4A0F-875F-F0F393F8C4EE}.Release|x86.ActiveCfg = Release|Win32
		{1F64A8F2-70DD-4A0F-875F-F0F393F8C4EE}.Release|x86.Build.0 = Release|Win32
	EndGlobalSection
	GlobalSection(SolutionProperties) = preSolution
		HideSolutionNode = FALSE
	EndGlobalSection
	GlobalSection(ExtensibilityGlobals) = postSolution
		SolutionGuid = {6F52D8C1-3EFF-4C04-BE7A-293701FBC7FC}
	EndGlobalSection
EndGlobal
